{
  "name": "golem-vanity-market-shared",
  "version": "1.0.0",
  "lockfileVersion": 3,
  "requires": true,
  "packages": {
    "": {
      "name": "golem-vanity-market-shared",
      "version": "1.0.0",
      "license": "ISC",
      "dependencies": {
        "@ts-rest/core": "^3.53.0-rc.1",
        "zod": "^3.25.75"
      },
      "devDependencies": {
        "typescript": "^5.8.3"
      }
    },
    "node_modules/@ts-rest/core": {
      "version": "3.53.0-rc.1",
      "resolved": "https://registry.npmjs.org/@ts-rest/core/-/core-3.53.0-rc.1.tgz",
      "integrity": "sha512-hDMXqKHSys6w+kXFW1Q6EvN8QgRvtXKXJ2TpYByKI4TquaPjiTOv99aLD26X4LNRzdna8Ci1PVyzr0jYZv0oNQ==",
      "license": "MIT",
      "peerDependencies": {
        "@types/node": "^18.18.7 || >=20.8.4"
      },
      "peerDependenciesMeta": {
        "@types/node": {
          "optional": true
        }
      }
    },
    "node_modules/typescript": {
      "version": "5.8.3",
      "resolved": "https://registry.npmjs.org/typescript/-/typescript-5.8.3.tgz",
      "integrity": "sha512-p1diW6TqL9L07nNxvRMM7hMMw4c5XOo/1ibL4aAIGmSAt9slTE1Xgw5KWuof2uTOvCg9BY7ZRi+GaF+7sfgPeQ==",
      "dev": true,
      "license": "Apache-2.0",
      "bin": {
        "tsc": "bin/tsc",
        "tsserver": "bin/tsserver"
      },
      "engines": {
        "node": ">=14.17"
      }
    },
    "node_modules/zod": {
      "version": "3.25.75",
      "resolved": "https://registry.npmjs.org/zod/-/zod-3.25.75.tgz",
      "integrity": "sha512-OhpzAmVzabPOL6C3A3gpAifqr9MqihV/Msx3gor2b2kviCgcb+HM9SEOpMWwwNp9MRunWnhtAKUoo0AHhjyPPg==",
      "license": "MIT",
      "funding": {
        "url": "https://github.com/sponsors/colinhacks"
      }
    }
  }
}
